{
  "name": "stock-cli",
  "version": "1.0.0",
  "lockfileVersion": 1,
  "requires": true,
  "dependencies": {
    "@types/node": {
      "version": "13.1.8",
      "resolved": "https://registry.npm.taobao.org/@types/node/download/@types/node-13.1.8.tgz?cache=0&sync_timestamp=1579286175035&other_urls=https%3A%2F%2Fregistry.npm.taobao.org%2F%40types%2Fnode%2Fdownload%2F%40types%2Fnode-13.1.8.tgz",
      "integrity": "sha1-HVkEKf6Bh6AnB3IOzzim/kbOKUs="
    },
    "console-grid": {
      "version": "1.0.16",
      "resolved": "https://registry.npm.taobao.org/console-grid/download/console-grid-1.0.16.tgz",
      "integrity": "sha1-3YzCDAzqIiICb1tsd8ak+Pvn10Q="
    },
    "typescript": {
      "version": "3.7.5",
      "resolved": "https://registry.npm.taobao.org/typescript/download/typescript-3.7.5.tgz",
      "integrity": "sha1-BpLiH2X9QQi5MwI4qsEd0uF3oa4=",
      "dev": true
    }
  }
}
