# THIS IS AN AUTOGENERATED FILE. DO NOT EDIT THIS FILE DIRECTLY.
# yarn lockfile v1


"@types/node@^13.7.0":
  version "13.7.0"
  resolved "https://registry.npm.taobao.org/@types/node/download/@types/node-13.7.0.tgz?cache=0&sync_timestamp=1580842849735&other_urls=https%3A%2F%2Fregistry.npm.taobao.org%2F%40types%2Fnode%2Fdownload%2F%40types%2Fnode-13.7.0.tgz#b417deda18cf8400f278733499ad5547ed1abec4"
  integrity sha1-tBfe2hjPhADyeHM0ma1VR+0avsQ=

commander@^4.1.0:
  version "4.1.0"
  resolved "https://registry.yarnpkg.com/commander/-/commander-4.1.0.tgz#545983a0603fe425bc672d66c9e3c89c42121a83"
  integrity sha512-NIQrwvv9V39FHgGFm36+U9SMQzbiHvU79k+iADraJTpmrFFfx7Ds0IvDoAdZsDrknlkRk14OYoWXb57uTh7/sw==

console-grid@^1.0.16:
  version "1.0.16"
  resolved "https://registry.npm.taobao.org/console-grid/download/console-grid-1.0.16.tgz#dd8cc20c0cea2222026f5b6c77c6a4f8fbe7d744"
  integrity sha1-3YzCDAzqIiICb1tsd8ak+Pvn10Q=

typescript@^3.7.5:
  version "3.7.5"
  resolved "https://registry.yarnpkg.com/typescript/-/typescript-3.7.5.tgz#0692e21f65fd4108b9330238aac11dd2e177a1ae"
  integrity sha512-/P5lkRXkWHNAbcJIiHPfRoKqyd7bsyCma1hZNUGfn20qm64T6ZBlrzprymeu918H+mB/0rIg2gGK/BXkhhYgBw==
